// !$*UTF8*$!
{
	archiveVersion = 1;
	classes = {
	};
	objectVersion = 55;
	objects = {

/* Begin PBXBuildFile section */
		2E252D382830DE0900BE31B5 /* ListPageContract.swift in Sources */ = {isa = PBXBuildFile; fileRef = 2E252D372830DE0900BE31B5 /* ListPageContract.swift */; };
		2E739A7D2843FF030080CA1A /* MVVMBaseProtocols in Frameworks */ = {isa = PBXBuildFile; productRef = 2E739A7C2843FF030080CA1A /* MVVMBaseProtocols */; };
		2E8A242D2838EB66009373A6 /* ListPageTableViewCellContract.swift in Sources */ = {isa = PBXBuildFile; fileRef = 2E8A242C2838EB66009373A6 /* ListPageTableViewCellContract.swift */; };
		2E9B99BE2829A37C004C8355 /* AppDelegate.swift in Sources */ = {isa = PBXBuildFile; fileRef = 2E9B99BD2829A37C004C8355 /* AppDelegate.swift */; };
		2E9B99C02829A37C004C8355 /* SceneDelegate.swift in Sources */ = {isa = PBXBuildFile; fileRef = 2E9B99BF2829A37C004C8355 /* SceneDelegate.swift */; };
		2E9B99C82829A37C004C8355 /* Sample_CoreData_MVVM.xcdatamodeld in Sources */ = {isa = PBXBuildFile; fileRef = 2E9B99C62829A37C004C8355 /* Sample_CoreData_MVVM.xcdatamodeld */; };
		2E9B99CA2829A37E004C8355 /* Assets.xcassets in Resources */ = {isa = PBXBuildFile; fileRef = 2E9B99C92829A37E004C8355 /* Assets.xcassets */; };
		2E9B99CD2829A37E004C8355 /* LaunchScreen.storyboard in Resources */ = {isa = PBXBuildFile; fileRef = 2E9B99CB2829A37E004C8355 /* LaunchScreen.storyboard */; };
		2E9B99DF282A11F5004C8355 /* ListPageViewModel.swift in Sources */ = {isa = PBXBuildFile; fileRef = 2E9B99DE282A11F5004C8355 /* ListPageViewModel.swift */; };
		2E9B99E1282A1214004C8355 /* ListPageModel.swift in Sources */ = {isa = PBXBuildFile; fileRef = 2E9B99E0282A1214004C8355 /* ListPageModel.swift */; };
		2E9B99E3282A122A004C8355 /* ListPageViewController.swift in Sources */ = {isa = PBXBuildFile; fileRef = 2E9B99E2282A122A004C8355 /* ListPageViewController.swift */; };
		2E9B99E5282A12DB004C8355 /* Storyboards.swift in Sources */ = {isa = PBXBuildFile; fileRef = 2E9B99E4282A12DB004C8355 /* Storyboards.swift */; };
		2E9B99EC282A1491004C8355 /* ListPage.storyboard in Resources */ = {isa = PBXBuildFile; fileRef = 2E9B99EB282A1491004C8355 /* ListPage.storyboard */; };
		2E9B99EF282A15D8004C8355 /* Todo+CoreDataClass.swift in Sources */ = {isa = PBXBuildFile; fileRef = 2E9B99ED282A15D8004C8355 /* Todo+CoreDataClass.swift */; };
		2E9B99F0282A15D8004C8355 /* Todo+CoreDataProperties.swift in Sources */ = {isa = PBXBuildFile; fileRef = 2E9B99EE282A15D8004C8355 /* Todo+CoreDataProperties.swift */; };
		2E9B99F5282A1BF9004C8355 /* ListPageTableViewCell.swift in Sources */ = {isa = PBXBuildFile; fileRef = 2E9B99F3282A1BF9004C8355 /* ListPageTableViewCell.swift */; };
		2E9B99F6282A1BF9004C8355 /* ListPageTableViewCell.xib in Resources */ = {isa = PBXBuildFile; fileRef = 2E9B99F4282A1BF9004C8355 /* ListPageTableViewCell.xib */; };
		2E9B99F8282A3205004C8355 /* ListPageTableCellViewModel.swift in Sources */ = {isa = PBXBuildFile; fileRef = 2E9B99F7282A3205004C8355 /* ListPageTableCellViewModel.swift */; };
		2E9B99FE282B614F004C8355 /* DetailPageViewModel.swift in Sources */ = {isa = PBXBuildFile; fileRef = 2E9B99FD282B614F004C8355 /* DetailPageViewModel.swift */; };
		2E9B9A00282B61B1004C8355 /* DetailPageViewController.swift in Sources */ = {isa = PBXBuildFile; fileRef = 2E9B99FF282B61B1004C8355 /* DetailPageViewController.swift */; };
		2E9B9A02282B61EE004C8355 /* DetailPageModel.swift in Sources */ = {isa = PBXBuildFile; fileRef = 2E9B9A01282B61EE004C8355 /* DetailPageModel.swift */; };
		2E9B9A04282B6213004C8355 /* DetailPage.storyboard in Resources */ = {isa = PBXBuildFile; fileRef = 2E9B9A03282B6213004C8355 /* DetailPage.storyboard */; };
		2E9B9A09282CB843004C8355 /* NewTodoPageContract.swift in Sources */ = {isa = PBXBuildFile; fileRef = 2E9B9A08282CB843004C8355 /* NewTodoPageContract.swift */; };
		2E9B9A0C282CC15B004C8355 /* NewTodoPageViewModel.swift in Sources */ = {isa = PBXBuildFile; fileRef = 2E9B9A0B282CC15B004C8355 /* NewTodoPageViewModel.swift */; };
		2E9B9A0E282CC174004C8355 /* NewTodoPageViewController.swift in Sources */ = {isa = PBXBuildFile; fileRef = 2E9B9A0D282CC174004C8355 /* NewTodoPageViewController.swift */; };
		2E9B9A10282CC197004C8355 /* NewTodoPage.storyboard in Resources */ = {isa = PBXBuildFile; fileRef = 2E9B9A0F282CC197004C8355 /* NewTodoPage.storyboard */; };
		2E9B9A12282CC1A4004C8355 /* NewTodoPageModel.swift in Sources */ = {isa = PBXBuildFile; fileRef = 2E9B9A11282CC1A4004C8355 /* NewTodoPageModel.swift */; };
		2E9B9A14282CC35A004C8355 /* DetailPageContract.swift in Sources */ = {isa = PBXBuildFile; fileRef = 2E9B9A13282CC35A004C8355 /* DetailPageContract.swift */; };
/* End PBXBuildFile section */

/* Begin PBXFileReference section */
		2E252D372830DE0900BE31B5 /* ListPageContract.swift */ = {isa = PBXFileReference; lastKnownFileType = sourcecode.swift; path = ListPageContract.swift; sourceTree = "<group>"; };
		2E8A242C2838EB66009373A6 /* ListPageTableViewCellContract.swift */ = {isa = PBXFileReference; lastKnownFileType = sourcecode.swift; path = ListPageTableViewCellContract.swift; sourceTree = "<group>"; };
		2E9B99BA2829A37C004C8355 /* Sample_CoreData_MVVM.app */ = {isa = PBXFileReference; explicitFileType = wrapper.application; includeInIndex = 0; path = Sample_CoreData_MVVM.app; sourceTree = BUILT_PRODUCTS_DIR; };
		2E9B99BD2829A37C004C8355 /* AppDelegate.swift */ = {isa = PBXFileReference; lastKnownFileType = sourcecode.swift; path = AppDelegate.swift; sourceTree = "<group>"; };
		2E9B99BF2829A37C004C8355 /* SceneDelegate.swift */ = {isa = PBXFileReference; lastKnownFileType = sourcecode.swift; path = SceneDelegate.swift; sourceTree = "<group>"; };
		2E9B99C72829A37C004C8355 /* Sample_CoreData_MVVM.xcdatamodel */ = {isa = PBXFileReference; lastKnownFileType = wrapper.xcdatamodel; path = Sample_CoreData_MVVM.xcdatamodel; sourceTree = "<group>"; };
		2E9B99C92829A37E004C8355 /* Assets.xcassets */ = {isa = PBXFileReference; lastKnownFileType = folder.assetcatalog; path = Assets.xcassets; sourceTree = "<group>"; };
		2E9B99CC2829A37E004C8355 /* Base */ = {isa = PBXFileReference; lastKnownFileType = file.storyboard; name = Base; path = Base.lproj/LaunchScreen.storyboard; sourceTree = "<group>"; };
		2E9B99CE2829A37E004C8355 /* Info.plist */ = {isa = PBXFileReference; lastKnownFileType = text.plist.xml; path = Info.plist; sourceTree = "<group>"; };
		2E9B99DE282A11F5004C8355 /* ListPageViewModel.swift */ = {isa = PBXFileReference; lastKnownFileType = sourcecode.swift; path = ListPageViewModel.swift; sourceTree = "<group>"; };
		2E9B99E0282A1214004C8355 /* ListPageModel.swift */ = {isa = PBXFileReference; lastKnownFileType = sourcecode.swift; path = ListPageModel.swift; sourceTree = "<group>"; };
		2E9B99E2282A122A004C8355 /* ListPageViewController.swift */ = {isa = PBXFileReference; lastKnownFileType = sourcecode.swift; path = ListPageViewController.swift; sourceTree = "<group>"; };
		2E9B99E4282A12DB004C8355 /* Storyboards.swift */ = {isa = PBXFileReference; lastKnownFileType = sourcecode.swift; path = Storyboards.swift; sourceTree = "<group>"; };
		2E9B99EB282A1491004C8355 /* ListPage.storyboard */ = {isa = PBXFileReference; lastKnownFileType = file.storyboard; path = ListPage.storyboard; sourceTree = "<group>"; };
		2E9B99ED282A15D8004C8355 /* Todo+CoreDataClass.swift */ = {isa = PBXFileReference; lastKnownFileType = sourcecode.swift; path = "Todo+CoreDataClass.swift"; sourceTree = "<group>"; };
		2E9B99EE282A15D8004C8355 /* Todo+CoreDataProperties.swift */ = {isa = PBXFileReference; lastKnownFileType = sourcecode.swift; path = "Todo+CoreDataProperties.swift"; sourceTree = "<group>"; };
		2E9B99F3282A1BF9004C8355 /* ListPageTableViewCell.swift */ = {isa = PBXFileReference; lastKnownFileType = sourcecode.swift; path = ListPageTableViewCell.swift; sourceTree = "<group>"; };
		2E9B99F4282A1BF9004C8355 /* ListPageTableViewCell.xib */ = {isa = PBXFileReference; lastKnownFileType = file.xib; path = ListPageTableViewCell.xib; sourceTree = "<group>"; };
		2E9B99F7282A3205004C8355 /* ListPageTableCellViewModel.swift */ = {isa = PBXFileReference; lastKnownFileType = sourcecode.swift; path = ListPageTableCellViewModel.swift; sourceTree = "<group>"; };
		2E9B99FD282B614F004C8355 /* DetailPageViewModel.swift */ = {isa = PBXFileReference; lastKnownFileType = sourcecode.swift; path = DetailPageViewModel.swift; sourceTree = "<group>"; };
		2E9B99FF282B61B1004C8355 /* DetailPageViewController.swift */ = {isa = PBXFileReference; lastKnownFileType = sourcecode.swift; path = DetailPageViewController.swift; sourceTree = "<group>"; };
		2E9B9A01282B61EE004C8355 /* DetailPageModel.swift */ = {isa = PBXFileReference; lastKnownFileType = sourcecode.swift; path = DetailPageModel.swift; sourceTree = "<group>"; };
		2E9B9A03282B6213004C8355 /* DetailPage.storyboard */ = {isa = PBXFileReference; lastKnownFileType = file.storyboard; path = DetailPage.storyboard; sourceTree = "<group>"; };
		2E9B9A08282CB843004C8355 /* NewTodoPageContract.swift */ = {isa = PBXFileReference; lastKnownFileType = sourcecode.swift; path = NewTodoPageContract.swift; sourceTree = "<group>"; };
		2E9B9A0B282CC15B004C8355 /* NewTodoPageViewModel.swift */ = {isa = PBXFileReference; lastKnownFileType = sourcecode.swift; path = NewTodoPageViewModel.swift; sourceTree = "<group>"; };
		2E9B9A0D282CC174004C8355 /* NewTodoPageViewController.swift */ = {isa = PBXFileReference; lastKnownFileType = sourcecode.swift; path = NewTodoPageViewController.swift; sourceTree = "<group>"; };
		2E9B9A0F282CC197004C8355 /* NewTodoPage.storyboard */ = {isa = PBXFileReference; lastKnownFileType = file.storyboard; path = NewTodoPage.storyboard; sourceTree = "<group>"; };
		2E9B9A11282CC1A4004C8355 /* NewTodoPageModel.swift */ = {isa = PBXFileReference; lastKnownFileType = sourcecode.swift; path = NewTodoPageModel.swift; sourceTree = "<group>"; };
		2E9B9A13282CC35A004C8355 /* DetailPageContract.swift */ = {isa = PBXFileReference; lastKnownFileType = sourcecode.swift; path = DetailPageContract.swift; sourceTree = "<group>"; };
/* End PBXFileReference section */

/* Begin PBXFrameworksBuildPhase section */
		2E9B99B72829A37C004C8355 /* Frameworks */ = {
			isa = PBXFrameworksBuildPhase;
			buildActionMask = 2147483647;
			files = (
				2E739A7D2843FF030080CA1A /* MVVMBaseProtocols in Frameworks */,
			);
			runOnlyForDeploymentPostprocessing = 0;
		};
/* End PBXFrameworksBuildPhase section */

/* Begin PBXGroup section */
		2E9B99B12829A37C004C8355 = {
			isa = PBXGroup;
			children = (
				2E9B99BC2829A37C004C8355 /* Sample_CoreData_MVVM */,
				2E9B99BB2829A37C004C8355 /* Products */,
			);
			sourceTree = "<group>";
		};
		2E9B99BB2829A37C004C8355 /* Products */ = {
			isa = PBXGroup;
			children = (
				2E9B99BA2829A37C004C8355 /* Sample_CoreData_MVVM.app */,
			);
			name = Products;
			sourceTree = "<group>";
		};
		2E9B99BC2829A37C004C8355 /* Sample_CoreData_MVVM */ = {
			isa = PBXGroup;
			children = (
				2E9B99DC282A11D6004C8355 /* Pages */,
				2E9B99D4282A108A004C8355 /* Base */,
				2E9B99BD2829A37C004C8355 /* AppDelegate.swift */,
				2E9B99BF2829A37C004C8355 /* SceneDelegate.swift */,
				2E9B99C92829A37E004C8355 /* Assets.xcassets */,
				2E9B99CB2829A37E004C8355 /* LaunchScreen.storyboard */,
				2E9B99CE2829A37E004C8355 /* Info.plist */,
				2E9B99C62829A37C004C8355 /* Sample_CoreData_MVVM.xcdatamodeld */,
			);
			path = Sample_CoreData_MVVM;
			sourceTree = "<group>";
		};
		2E9B99D4282A108A004C8355 /* Base */ = {
			isa = PBXGroup;
			children = (
				2E9B99F1282A15DE004C8355 /* CoreDataEntities */,
				2E9B99E4282A12DB004C8355 /* Storyboards.swift */,
			);
			path = Base;
			sourceTree = "<group>";
		};
		2E9B99DC282A11D6004C8355 /* Pages */ = {
			isa = PBXGroup;
			children = (
				2E9B9A07282CB7C9004C8355 /* NewTodoPage */,
				2E9B99FC282B612C004C8355 /* DetailPage */,
				2E9B99DD282A11DE004C8355 /* ListPage */,
			);
			path = Pages;
			sourceTree = "<group>";
		};
		2E9B99DD282A11DE004C8355 /* ListPage */ = {
			isa = PBXGroup;
			children = (
				2E9B99F2282A1BC1004C8355 /* TableViewCell */,
				2E252D372830DE0900BE31B5 /* ListPageContract.swift */,
				2E9B99DE282A11F5004C8355 /* ListPageViewModel.swift */,
				2E9B99E2282A122A004C8355 /* ListPageViewController.swift */,
				2E9B99EB282A1491004C8355 /* ListPage.storyboard */,
				2E9B99E0282A1214004C8355 /* ListPageModel.swift */,
			);
			path = ListPage;
			sourceTree = "<group>";
		};
		2E9B99F1282A15DE004C8355 /* CoreDataEntities */ = {
			isa = PBXGroup;
			children = (
				2E9B99ED282A15D8004C8355 /* Todo+CoreDataClass.swift */,
				2E9B99EE282A15D8004C8355 /* Todo+CoreDataProperties.swift */,
			);
			path = CoreDataEntities;
			sourceTree = "<group>";
		};
		2E9B99F2282A1BC1004C8355 /* TableViewCell */ = {
			isa = PBXGroup;
			children = (
				2E8A242C2838EB66009373A6 /* ListPageTableViewCellContract.swift */,
				2E9B99F7282A3205004C8355 /* ListPageTableCellViewModel.swift */,
				2E9B99F3282A1BF9004C8355 /* ListPageTableViewCell.swift */,
				2E9B99F4282A1BF9004C8355 /* ListPageTableViewCell.xib */,
			);
			path = TableViewCell;
			sourceTree = "<group>";
		};
		2E9B99FC282B612C004C8355 /* DetailPage */ = {
			isa = PBXGroup;
			children = (
				2E9B9A13282CC35A004C8355 /* DetailPageContract.swift */,
				2E9B99FD282B614F004C8355 /* DetailPageViewModel.swift */,
				2E9B99FF282B61B1004C8355 /* DetailPageViewController.swift */,
				2E9B9A03282B6213004C8355 /* DetailPage.storyboard */,
				2E9B9A01282B61EE004C8355 /* DetailPageModel.swift */,
			);
			path = DetailPage;
			sourceTree = "<group>";
		};
		2E9B9A07282CB7C9004C8355 /* NewTodoPage */ = {
			isa = PBXGroup;
			children = (
				2E9B9A08282CB843004C8355 /* NewTodoPageContract.swift */,
				2E9B9A0B282CC15B004C8355 /* NewTodoPageViewModel.swift */,
				2E9B9A0D282CC174004C8355 /* NewTodoPageViewController.swift */,
				2E9B9A0F282CC197004C8355 /* NewTodoPage.storyboard */,
				2E9B9A11282CC1A4004C8355 /* NewTodoPageModel.swift */,
			);
			path = NewTodoPage;
			sourceTree = "<group>";
		};
/* End PBXGroup section */

/* Begin PBXNativeTarget section */
		2E9B99B92829A37C004C8355 /* Sample_CoreData_MVVM */ = {
			isa = PBXNativeTarget;
			buildConfigurationList = 2E9B99D12829A37E004C8355 /* Build configuration list for PBXNativeTarget "Sample_CoreData_MVVM" */;
			buildPhases = (
				2E9B99B62829A37C004C8355 /* Sources */,
				2E9B99B72829A37C004C8355 /* Frameworks */,
				2E9B99B82829A37C004C8355 /* Resources */,
			);
			buildRules = (
			);
			dependencies = (
			);
			name = Sample_CoreData_MVVM;
			packageProductDependencies = (
				2E739A7C2843FF030080CA1A /* MVVMBaseProtocols */,
			);
			productName = Sample_CoreData_MVVM;
			productReference = 2E9B99BA2829A37C004C8355 /* Sample_CoreData_MVVM.app */;
			productType = "com.apple.product-type.application";
		};
/* End PBXNativeTarget section */

/* Begin PBXProject section */
		2E9B99B22829A37C004C8355 /* Project object */ = {
			isa = PBXProject;
			attributes = {
				BuildIndependentTargetsInParallel = 1;
				LastSwiftUpdateCheck = 1330;
				LastUpgradeCheck = 1330;
				TargetAttributes = {
					2E9B99B92829A37C004C8355 = {
						CreatedOnToolsVersion = 13.3.1;
					};
				};
			};
			buildConfigurationList = 2E9B99B52829A37C004C8355 /* Build configuration list for PBXProject "Sample_CoreData_MVVM" */;
			compatibilityVersion = "Xcode 13.0";
			developmentRegion = en;
			hasScannedForEncodings = 0;
			knownRegions = (
				en,
				Base,
			);
			mainGroup = 2E9B99B12829A37C004C8355;
			packageReferences = (
				2E739A7B2843FF030080CA1A /* XCRemoteSwiftPackageReference "MVVMBaseProtocols" */,
			);
			productRefGroup = 2E9B99BB2829A37C004C8355 /* Products */;
			projectDirPath = "";
			projectRoot = "";
			targets = (
				2E9B99B92829A37C004C8355 /* Sample_CoreData_MVVM */,
			);
		};
/* End PBXProject section */

/* Begin PBXResourcesBuildPhase section */
		2E9B99B82829A37C004C8355 /* Resources */ = {
			isa = PBXResourcesBuildPhase;
			buildActionMask = 2147483647;
			files = (
				2E9B9A10282CC197004C8355 /* NewTodoPage.storyboard in Resources */,
				2E9B99EC282A1491004C8355 /* ListPage.storyboard in Resources */,
				2E9B9A04282B6213004C8355 /* DetailPage.storyboard in Resources */,
				2E9B99CD2829A37E004C8355 /* LaunchScreen.storyboard in Resources */,
				2E9B99F6282A1BF9004C8355 /* ListPageTableViewCell.xib in Resources */,
				2E9B99CA2829A37E004C8355 /* Assets.xcassets in Resources */,
			);
			runOnlyForDeploymentPostprocessing = 0;
		};
/* End PBXResourcesBuildPhase section */

/* Begin PBXSourcesBuildPhase section */
		2E9B99B62829A37C004C8355 /* Sources */ = {
			isa = PBXSourcesBuildPhase;
			buildActionMask = 2147483647;
			files = (
				2E9B99F8282A3205004C8355 /* ListPageTableCellViewModel.swift in Sources */,
				2E9B99FE282B614F004C8355 /* DetailPageViewModel.swift in Sources */,
				2E9B9A0E282CC174004C8355 /* NewTodoPageViewController.swift in Sources */,
				2E9B9A0C282CC15B004C8355 /* NewTodoPageViewModel.swift in Sources */,
				2E9B9A12282CC1A4004C8355 /* NewTodoPageModel.swift in Sources */,
				2E252D382830DE0900BE31B5 /* ListPageContract.swift in Sources */,
				2E9B99E1282A1214004C8355 /* ListPageModel.swift in Sources */,
				2E9B99DF282A11F5004C8355 /* ListPageViewModel.swift in Sources */,
				2E9B99F0282A15D8004C8355 /* Todo+CoreDataProperties.swift in Sources */,
				2E9B9A00282B61B1004C8355 /* DetailPageViewController.swift in Sources */,
				2E9B9A02282B61EE004C8355 /* DetailPageModel.swift in Sources */,
				2E9B99F5282A1BF9004C8355 /* ListPageTableViewCell.swift in Sources */,
				2E9B9A09282CB843004C8355 /* NewTodoPageContract.swift in Sources */,
				2E9B99BE2829A37C004C8355 /* AppDelegate.swift in Sources */,
				2E8A242D2838EB66009373A6 /* ListPageTableViewCellContract.swift in Sources */,
				2E9B9A14282CC35A004C8355 /* DetailPageContract.swift in Sources */,
				2E9B99EF282A15D8004C8355 /* Todo+CoreDataClass.swift in Sources */,
				2E9B99C82829A37C004C8355 /* Sample_CoreData_MVVM.xcdatamodeld in Sources */,
				2E9B99E5282A12DB004C8355 /* Storyboards.swift in Sources */,
				2E9B99E3282A122A004C8355 /* ListPageViewController.swift in Sources */,
				2E9B99C02829A37C004C8355 /* SceneDelegate.swift in Sources */,
			);
			runOnlyForDeploymentPostprocessing = 0;
		};
/* End PBXSourcesBuildPhase section */

/* Begin PBXVariantGroup section */
		2E9B99CB2829A37E004C8355 /* LaunchScreen.storyboard */ = {
			isa = PBXVariantGroup;
			children = (
				2E9B99CC2829A37E004C8355 /* Base */,
			);
			name = LaunchScreen.storyboard;
			sourceTree = "<group>";
		};
/* End PBXVariantGroup section */

/* Begin XCBuildConfiguration section */
		2E9B99CF2829A37E004C8355 /* Debug */ = {
			isa = XCBuildConfiguration;
			buildSettings = {
				ALWAYS_SEARCH_USER_PATHS = NO;
				CLANG_ANALYZER_NONNULL = YES;
				CLANG_ANALYZER_NUMBER_OBJECT_CONVERSION = YES_AGGRESSIVE;
				CLANG_CXX_LANGUAGE_STANDARD = "gnu++17";
				CLANG_ENABLE_MODULES = YES;
				CLANG_ENABLE_OBJC_ARC = YES;
				CLANG_ENABLE_OBJC_WEAK = YES;
				CLANG_WARN_BLOCK_CAPTURE_AUTORELEASING = YES;
				CLANG_WARN_BOOL_CONVERSION = YES;
				CLANG_WARN_COMMA = YES;
				CLANG_WARN_CONSTANT_CONVERSION = YES;
				CLANG_WARN_DEPRECATED_OBJC_IMPLEMENTATIONS = YES;
				CLANG_WARN_DIRECT_OBJC_ISA_USAGE = YES_ERROR;
				CLANG_WARN_DOCUMENTATION_COMMENTS = YES;
				CLANG_WARN_EMPTY_BODY = YES;
				CLANG_WARN_ENUM_CONVERSION = YES;
				CLANG_WARN_INFINITE_RECURSION = YES;
				CLANG_WARN_INT_CONVERSION = YES;
				CLANG_WARN_NON_LITERAL_NULL_CONVERSION = YES;
				CLANG_WARN_OBJC_IMPLICIT_RETAIN_SELF = YES;
				CLANG_WARN_OBJC_LITERAL_CONVERSION = YES;
				CLANG_WARN_OBJC_ROOT_CLASS = YES_ERROR;
				CLANG_WARN_QUOTED_INCLUDE_IN_FRAMEWORK_HEADER = YES;
				CLANG_WARN_RANGE_LOOP_ANALYSIS = YES;
				CLANG_WARN_STRICT_PROTOTYPES = YES;
				CLANG_WARN_SUSPICIOUS_MOVE = YES;
				CLANG_WARN_UNGUARDED_AVAILABILITY = YES_AGGRESSIVE;
				CLANG_WARN_UNREACHABLE_CODE = YES;
				CLANG_WARN__DUPLICATE_METHOD_MATCH = YES;
				COPY_PHASE_STRIP = NO;
				DEBUG_INFORMATION_FORMAT = dwarf;
				ENABLE_STRICT_OBJC_MSGSEND = YES;
				ENABLE_TESTABILITY = YES;
				GCC_C_LANGUAGE_STANDARD = gnu11;
				GCC_DYNAMIC_NO_PIC = NO;
				GCC_NO_COMMON_BLOCKS = YES;
				GCC_OPTIMIZATION_LEVEL = 0;
				GCC_PREPROCESSOR_DEFINITIONS = (
					"DEBUG=1",
					"$(inherited)",
				);
				GCC_WARN_64_TO_32_BIT_CONVERSION = YES;
				GCC_WARN_ABOUT_RETURN_TYPE = YES_ERROR;
				GCC_WARN_UNDECLARED_SELECTOR = YES;
				GCC_WARN_UNINITIALIZED_AUTOS = YES_AGGRESSIVE;
				GCC_WARN_UNUSED_FUNCTION = YES;
				GCC_WARN_UNUSED_VARIABLE = YES;
				IPHONEOS_DEPLOYMENT_TARGET = 15.4;
				MTL_ENABLE_DEBUG_INFO = INCLUDE_SOURCE;
				MTL_FAST_MATH = YES;
				ONLY_ACTIVE_ARCH = YES;
				SDKROOT = iphoneos;
				SWIFT_ACTIVE_COMPILATION_CONDITIONS = DEBUG;
				SWIFT_OPTIMIZATION_LEVEL = "-Onone";
			};
			name = Debug;
		};
		2E9B99D02829A37E004C8355 /* Release */ = {
			isa = XCBuildConfiguration;
			buildSettings = {
				ALWAYS_SEARCH_USER_PATHS = NO;
				CLANG_ANALYZER_NONNULL = YES;
				CLANG_ANALYZER_NUMBER_OBJECT_CONVERSION = YES_AGGRESSIVE;
				CLANG_CXX_LANGUAGE_STANDARD = "gnu++17";
				CLANG_ENABLE_MODULES = YES;
				CLANG_ENABLE_OBJC_ARC = YES;
				CLANG_ENABLE_OBJC_WEAK = YES;
				CLANG_WARN_BLOCK_CAPTURE_AUTORELEASING = YES;
				CLANG_WARN_BOOL_CONVERSION = YES;
				CLANG_WARN_COMMA = YES;
				CLANG_WARN_CONSTANT_CONVERSION = YES;
				CLANG_WARN_DEPRECATED_OBJC_IMPLEMENTATIONS = YES;
				CLANG_WARN_DIRECT_OBJC_ISA_USAGE = YES_ERROR;
				CLANG_WARN_DOCUMENTATION_COMMENTS = YES;
				CLANG_WARN_EMPTY_BODY = YES;
				CLANG_WARN_ENUM_CONVERSION = YES;
				CLANG_WARN_INFINITE_RECURSION = YES;
				CLANG_WARN_INT_CONVERSION = YES;
				CLANG_WARN_NON_LITERAL_NULL_CONVERSION = YES;
				CLANG_WARN_OBJC_IMPLICIT_RETAIN_SELF = YES;
				CLANG_WARN_OBJC_LITERAL_CONVERSION = YES;
				CLANG_WARN_OBJC_ROOT_CLASS = YES_ERROR;
				CLANG_WARN_QUOTED_INCLUDE_IN_FRAMEWORK_HEADER = YES;
				CLANG_WARN_RANGE_LOOP_ANALYSIS = YES;
				CLANG_WARN_STRICT_PROTOTYPES = YES;
				CLANG_WARN_SUSPICIOUS_MOVE = YES;
				CLANG_WARN_UNGUARDED_AVAILABILITY = YES_AGGRESSIVE;
				CLANG_WARN_UNREACHABLE_CODE = YES;
				CLANG_WARN__DUPLICATE_METHOD_MATCH = YES;
				COPY_PHASE_STRIP = NO;
				DEBUG_INFORMATION_FORMAT = "dwarf-with-dsym";
				ENABLE_NS_ASSERTIONS = NO;
				ENABLE_STRICT_OBJC_MSGSEND = YES;
				GCC_C_LANGUAGE_STANDARD = gnu11;
				GCC_NO_COMMON_BLOCKS = YES;
				GCC_WARN_64_TO_32_BIT_CONVERSION = YES;
				GCC_WARN_ABOUT_RETURN_TYPE = YES_ERROR;
				GCC_WARN_UNDECLARED_SELECTOR = YES;
				GCC_WARN_UNINITIALIZED_AUTOS = YES_AGGRESSIVE;
				GCC_WARN_UNUSED_FUNCTION = YES;
				GCC_WARN_UNUSED_VARIABLE = YES;
				IPHONEOS_DEPLOYMENT_TARGET = 15.4;
				MTL_ENABLE_DEBUG_INFO = NO;
				MTL_FAST_MATH = YES;
				SDKROOT = iphoneos;
				SWIFT_COMPILATION_MODE = wholemodule;
				SWIFT_OPTIMIZATION_LEVEL = "-O";
				VALIDATE_PRODUCT = YES;
			};
			name = Release;
		};
		2E9B99D22829A37E004C8355 /* Debug */ = {
			isa = XCBuildConfiguration;
			buildSettings = {
				ASSETCATALOG_COMPILER_APPICON_NAME = AppIcon;
				ASSETCATALOG_COMPILER_GLOBAL_ACCENT_COLOR_NAME = AccentColor;
				CODE_SIGN_STYLE = Automatic;
				CURRENT_PROJECT_VERSION = 1;
				DEVELOPMENT_TEAM = UQ2PGP2A29;
				GENERATE_INFOPLIST_FILE = YES;
				INFOPLIST_FILE = Sample_CoreData_MVVM/Info.plist;
				INFOPLIST_KEY_UIApplicationSupportsIndirectInputEvents = YES;
				INFOPLIST_KEY_UILaunchStoryboardName = LaunchScreen;
				INFOPLIST_KEY_UISupportedInterfaceOrientations_iPad = "UIInterfaceOrientationPortrait UIInterfaceOrientationPortraitUpsideDown UIInterfaceOrientationLandscapeLeft UIInterfaceOrientationLandscapeRight";
				INFOPLIST_KEY_UISupportedInterfaceOrientations_iPhone = "UIInterfaceOrientationPortrait UIInterfaceOrientationLandscapeLeft UIInterfaceOrientationLandscapeRight";
				LD_RUNPATH_SEARCH_PATHS = (
					"$(inherited)",
					"@executable_path/Frameworks",
				);
				MARKETING_VERSION = 1.0;
				PRODUCT_BUNDLE_IDENTIFIER = "com.teytey.Sample-CoreData-MVVM";
				PRODUCT_NAME = "$(TARGET_NAME)";
				SWIFT_EMIT_LOC_STRINGS = YES;
				SWIFT_VERSION = 5.0;
				TARGETED_DEVICE_FAMILY = "1,2";
			};
			name = Debug;
		};
		2E9B99D32829A37E004C8355 /* Release */ = {
			isa = XCBuildConfiguration;
			buildSettings = {
				ASSETCATALOG_COMPILER_APPICON_NAME = AppIcon;
				ASSETCATALOG_COMPILER_GLOBAL_ACCENT_COLOR_NAME = AccentColor;
				CODE_SIGN_STYLE = Automatic;
				CURRENT_PROJECT_VERSION = 1;
				DEVELOPMENT_TEAM = UQ2PGP2A29;
				GENERATE_INFOPLIST_FILE = YES;
				INFOPLIST_FILE = Sample_CoreData_MVVM/Info.plist;
				INFOPLIST_KEY_UIApplicationSupportsIndirectInputEvents = YES;
				INFOPLIST_KEY_UILaunchStoryboardName = LaunchScreen;
				INFOPLIST_KEY_UISupportedInterfaceOrientations_iPad = "UIInterfaceOrientationPortrait UIInterfaceOrientationPortraitUpsideDown UIInterfaceOrientationLandscapeLeft UIInterfaceOrientationLandscapeRight";
				INFOPLIST_KEY_UISupportedInterfaceOrientations_iPhone = "UIInterfaceOrientationPortrait UIInterfaceOrientationLandscapeLeft UIInterfaceOrientationLandscapeRight";
				LD_RUNPATH_SEARCH_PATHS = (
					"$(inherited)",
					"@executable_path/Frameworks",
				);
				MARKETING_VERSION = 1.0;
				PRODUCT_BUNDLE_IDENTIFIER = "com.teytey.Sample-CoreData-MVVM";
				PRODUCT_NAME = "$(TARGET_NAME)";
				SWIFT_EMIT_LOC_STRINGS = YES;
				SWIFT_VERSION = 5.0;
				TARGETED_DEVICE_FAMILY = "1,2";
			};
			name = Release;
		};
/* End XCBuildConfiguration section */

/* Begin XCConfigurationList section */
		2E9B99B52829A37C004C8355 /* Build configuration list for PBXProject "Sample_CoreData_MVVM" */ = {
			isa = XCConfigurationList;
			buildConfigurations = (
				2E9B99CF2829A37E004C8355 /* Debug */,
				2E9B99D02829A37E004C8355 /* Release */,
			);
			defaultConfigurationIsVisible = 0;
			defaultConfigurationName = Release;
		};
		2E9B99D12829A37E004C8355 /* Build configuration list for PBXNativeTarget "Sample_CoreData_MVVM" */ = {
			isa = XCConfigurationList;
			buildConfigurations = (
				2E9B99D22829A37E004C8355 /* Debug */,
				2E9B99D32829A37E004C8355 /* Release */,
			);
			defaultConfigurationIsVisible = 0;
			defaultConfigurationName = Release;
		};
/* End XCConfigurationList section */

/* Begin XCRemoteSwiftPackageReference section */
		2E739A7B2843FF030080CA1A /* XCRemoteSwiftPackageReference "MVVMBaseProtocols" */ = {
			isa = XCRemoteSwiftPackageReference;
			repositoryURL = "https://github.com/TeyhanYtu/MVVMBaseProtocols";
			requirement = {
				branch = main;
				kind = branch;
			};
		};
/* End XCRemoteSwiftPackageReference section */

/* Begin XCSwiftPackageProductDependency section */
		2E739A7C2843FF030080CA1A /* MVVMBaseProtocols */ = {
			isa = XCSwiftPackageProductDependency;
			package = 2E739A7B2843FF030080CA1A /* XCRemoteSwiftPackageReference "MVVMBaseProtocols" */;
			productName = MVVMBaseProtocols;
		};
/* End XCSwiftPackageProductDependency section */

/* Begin XCVersionGroup section */
		2E9B99C62829A37C004C8355 /* Sample_CoreData_MVVM.xcdatamodeld */ = {
			isa = XCVersionGroup;
			children = (
				2E9B99C72829A37C004C8355 /* Sample_CoreData_MVVM.xcdatamodel */,
			);
			currentVersion = 2E9B99C72829A37C004C8355 /* Sample_CoreData_MVVM.xcdatamodel */;
			path = Sample_CoreData_MVVM.xcdatamodeld;
			sourceTree = "<group>";
			versionGroupType = wrapper.xcdatamodel;
		};
/* End XCVersionGroup section */
	};
	rootObject = 2E9B99B22829A37C004C8355 /* Project object */;
}
