{
  "pins" : [
    {
      "identity" : "mvvmbaseprotocols",
      "kind" : "remoteSourceControl",
      "location" : "https://github.com/TeyhanYtu/MVVMBaseProtocols",
      "state" : {
        "branch" : "main",
        "revision" : "a1145ecda26217e4ef435e6ac1e4163675dd147c"
      }
    }
  ],
  "version" : 2
}
